{
  "pins" : [
    {
      "identity" : "kingfisher",
      "kind" : "remoteSourceControl",
      "location" : "https://github.com/onevcat/Kingfisher.git",
      "state" : {
        "branch" : "master",
        "revision" : "8816d9c4851030534276470bc5bcfba77913424a"
      }
    }
  ],
  "version" : 2
}
