// !$*UTF8*$!
{
	archiveVersion = 1;
	classes = {
	};
	objectVersion = 56;
	objects = {

/* Begin PBXBuildFile section */
		A4215F462A9399E700DD655B /* ProductCVCell.swift in Sources */ = {isa = PBXBuildFile; fileRef = A4215F452A9399E700DD655B /* ProductCVCell.swift */; };
		A455413B2A95F34F002928A8 /* DetailViewController.swift in Sources */ = {isa = PBXBuildFile; fileRef = A455413A2A95F34F002928A8 /* DetailViewController.swift */; };
		A455413D2A96075A002928A8 /* DetailExtension.swift in Sources */ = {isa = PBXBuildFile; fileRef = A455413C2A96075A002928A8 /* DetailExtension.swift */; };
		A455413F2A962DF1002928A8 /* CateViewController.swift in Sources */ = {isa = PBXBuildFile; fileRef = A455413E2A962DF1002928A8 /* CateViewController.swift */; };
		A45541432A9630AE002928A8 /* CategoriesCVCell.swift in Sources */ = {isa = PBXBuildFile; fileRef = A45541422A9630AE002928A8 /* CategoriesCVCell.swift */; };
		A45541452A9631EA002928A8 /* CateExtension.swift in Sources */ = {isa = PBXBuildFile; fileRef = A45541442A9631EA002928A8 /* CateExtension.swift */; };
		A47522882A93527400396C8B /* AppDelegate.swift in Sources */ = {isa = PBXBuildFile; fileRef = A47522872A93527400396C8B /* AppDelegate.swift */; };
		A475228A2A93527400396C8B /* SceneDelegate.swift in Sources */ = {isa = PBXBuildFile; fileRef = A47522892A93527400396C8B /* SceneDelegate.swift */; };
		A475228F2A93527400396C8B /* Main.storyboard in Resources */ = {isa = PBXBuildFile; fileRef = A475228D2A93527400396C8B /* Main.storyboard */; };
		A47522912A93527500396C8B /* Assets.xcassets in Resources */ = {isa = PBXBuildFile; fileRef = A47522902A93527500396C8B /* Assets.xcassets */; };
		A47522942A93527500396C8B /* LaunchScreen.storyboard in Resources */ = {isa = PBXBuildFile; fileRef = A47522922A93527500396C8B /* LaunchScreen.storyboard */; };
		A47522A22A93600900396C8B /* HomeViewController.swift in Sources */ = {isa = PBXBuildFile; fileRef = A47522A12A93600900396C8B /* HomeViewController.swift */; };
		A47522A82A93610D00396C8B /* HomeCollectionViewCell.swift in Sources */ = {isa = PBXBuildFile; fileRef = A47522A72A93610D00396C8B /* HomeCollectionViewCell.swift */; };
		A47F15F12A977A3400293D33 /* SearchViewController.swift in Sources */ = {isa = PBXBuildFile; fileRef = A47F15F02A977A3400293D33 /* SearchViewController.swift */; };
		A47F15F32A977AC000293D33 /* CartViewController.swift in Sources */ = {isa = PBXBuildFile; fileRef = A47F15F22A977AC000293D33 /* CartViewController.swift */; };
		A47F15F52A97823200293D33 /* CartTableVCell.swift in Sources */ = {isa = PBXBuildFile; fileRef = A47F15F42A97823200293D33 /* CartTableVCell.swift */; };
		A4C180E32A94A430000C6602 /* HomeExtension.swift in Sources */ = {isa = PBXBuildFile; fileRef = A4C180E22A94A430000C6602 /* HomeExtension.swift */; };
		A4C180E52A94B5AB000C6602 /* SalesViewModel.swift in Sources */ = {isa = PBXBuildFile; fileRef = A4C180E42A94B5AB000C6602 /* SalesViewModel.swift */; };
		A4C180E72A94B764000C6602 /* SalesModel.swift in Sources */ = {isa = PBXBuildFile; fileRef = A4C180E62A94B764000C6602 /* SalesModel.swift */; };
		A4C180EA2A94D528000C6602 /* Kingfisher in Frameworks */ = {isa = PBXBuildFile; productRef = A4C180E92A94D528000C6602 /* Kingfisher */; };
		A4C180EC2A94E7BF000C6602 /* CategoryCVCell.swift in Sources */ = {isa = PBXBuildFile; fileRef = A4C180EB2A94E7BF000C6602 /* CategoryCVCell.swift */; };
/* End PBXBuildFile section */

/* Begin PBXFileReference section */
		A4215F452A9399E700DD655B /* ProductCVCell.swift */ = {isa = PBXFileReference; lastKnownFileType = sourcecode.swift; path = ProductCVCell.swift; sourceTree = "<group>"; };
		A455413A2A95F34F002928A8 /* DetailViewController.swift */ = {isa = PBXFileReference; lastKnownFileType = sourcecode.swift; path = DetailViewController.swift; sourceTree = "<group>"; };
		A455413C2A96075A002928A8 /* DetailExtension.swift */ = {isa = PBXFileReference; lastKnownFileType = sourcecode.swift; path = DetailExtension.swift; sourceTree = "<group>"; };
		A455413E2A962DF1002928A8 /* CateViewController.swift */ = {isa = PBXFileReference; lastKnownFileType = sourcecode.swift; path = CateViewController.swift; sourceTree = "<group>"; };
		A45541422A9630AE002928A8 /* CategoriesCVCell.swift */ = {isa = PBXFileReference; lastKnownFileType = sourcecode.swift; path = CategoriesCVCell.swift; sourceTree = "<group>"; };
		A45541442A9631EA002928A8 /* CateExtension.swift */ = {isa = PBXFileReference; lastKnownFileType = sourcecode.swift; path = CateExtension.swift; sourceTree = "<group>"; };
		A47522842A93527400396C8B /* SalesApp.app */ = {isa = PBXFileReference; explicitFileType = wrapper.application; includeInIndex = 0; path = SalesApp.app; sourceTree = BUILT_PRODUCTS_DIR; };
		A47522872A93527400396C8B /* AppDelegate.swift */ = {isa = PBXFileReference; lastKnownFileType = sourcecode.swift; path = AppDelegate.swift; sourceTree = "<group>"; };
		A47522892A93527400396C8B /* SceneDelegate.swift */ = {isa = PBXFileReference; lastKnownFileType = sourcecode.swift; path = SceneDelegate.swift; sourceTree = "<group>"; };
		A475228E2A93527400396C8B /* Base */ = {isa = PBXFileReference; lastKnownFileType = file.storyboard; name = Base; path = Base.lproj/Main.storyboard; sourceTree = "<group>"; };
		A47522902A93527500396C8B /* Assets.xcassets */ = {isa = PBXFileReference; lastKnownFileType = folder.assetcatalog; path = Assets.xcassets; sourceTree = "<group>"; };
		A47522932A93527500396C8B /* Base */ = {isa = PBXFileReference; lastKnownFileType = file.storyboard; name = Base; path = Base.lproj/LaunchScreen.storyboard; sourceTree = "<group>"; };
		A47522952A93527500396C8B /* Info.plist */ = {isa = PBXFileReference; lastKnownFileType = text.plist.xml; path = Info.plist; sourceTree = "<group>"; };
		A47522A12A93600900396C8B /* HomeViewController.swift */ = {isa = PBXFileReference; lastKnownFileType = sourcecode.swift; path = HomeViewController.swift; sourceTree = "<group>"; };
		A47522A72A93610D00396C8B /* HomeCollectionViewCell.swift */ = {isa = PBXFileReference; lastKnownFileType = sourcecode.swift; path = HomeCollectionViewCell.swift; sourceTree = "<group>"; };
		A47F15F02A977A3400293D33 /* SearchViewController.swift */ = {isa = PBXFileReference; lastKnownFileType = sourcecode.swift; path = SearchViewController.swift; sourceTree = "<group>"; };
		A47F15F22A977AC000293D33 /* CartViewController.swift */ = {isa = PBXFileReference; lastKnownFileType = sourcecode.swift; path = CartViewController.swift; sourceTree = "<group>"; };
		A47F15F42A97823200293D33 /* CartTableVCell.swift */ = {isa = PBXFileReference; lastKnownFileType = sourcecode.swift; path = CartTableVCell.swift; sourceTree = "<group>"; };
		A4C180E22A94A430000C6602 /* HomeExtension.swift */ = {isa = PBXFileReference; lastKnownFileType = sourcecode.swift; path = HomeExtension.swift; sourceTree = "<group>"; };
		A4C180E42A94B5AB000C6602 /* SalesViewModel.swift */ = {isa = PBXFileReference; lastKnownFileType = sourcecode.swift; path = SalesViewModel.swift; sourceTree = "<group>"; };
		A4C180E62A94B764000C6602 /* SalesModel.swift */ = {isa = PBXFileReference; lastKnownFileType = sourcecode.swift; path = SalesModel.swift; sourceTree = "<group>"; };
		A4C180EB2A94E7BF000C6602 /* CategoryCVCell.swift */ = {isa = PBXFileReference; lastKnownFileType = sourcecode.swift; path = CategoryCVCell.swift; sourceTree = "<group>"; };
/* End PBXFileReference section */

/* Begin PBXFrameworksBuildPhase section */
		A47522812A93527400396C8B /* Frameworks */ = {
			isa = PBXFrameworksBuildPhase;
			buildActionMask = 2147483647;
			files = (
				A4C180EA2A94D528000C6602 /* Kingfisher in Frameworks */,
			);
			runOnlyForDeploymentPostprocessing = 0;
		};
/* End PBXFrameworksBuildPhase section */

/* Begin PBXGroup section */
		A4215F442A9399B100DD655B /* Storyboard */ = {
			isa = PBXGroup;
			children = (
				A47522922A93527500396C8B /* LaunchScreen.storyboard */,
				A475228D2A93527400396C8B /* Main.storyboard */,
			);
			path = Storyboard;
			sourceTree = "<group>";
		};
		A475227B2A93527400396C8B = {
			isa = PBXGroup;
			children = (
				A47522862A93527400396C8B /* SalesApp */,
				A47522852A93527400396C8B /* Products */,
			);
			sourceTree = "<group>";
		};
		A47522852A93527400396C8B /* Products */ = {
			isa = PBXGroup;
			children = (
				A47522842A93527400396C8B /* SalesApp.app */,
			);
			name = Products;
			sourceTree = "<group>";
		};
		A47522862A93527400396C8B /* SalesApp */ = {
			isa = PBXGroup;
			children = (
				A475229E2A9353CE00396C8B /* Models */,
				A475229D2A9353BC00396C8B /* Views */,
				A475229C2A9353B600396C8B /* ViewModels */,
				A47522A02A93565900396C8B /* Extensions */,
				A475229B2A9353A000396C8B /* Helpers */,
				A47522952A93527500396C8B /* Info.plist */,
			);
			path = SalesApp;
			sourceTree = "<group>";
		};
		A475229B2A9353A000396C8B /* Helpers */ = {
			isa = PBXGroup;
			children = (
				A47522902A93527500396C8B /* Assets.xcassets */,
				A47522872A93527400396C8B /* AppDelegate.swift */,
				A47522892A93527400396C8B /* SceneDelegate.swift */,
			);
			path = Helpers;
			sourceTree = "<group>";
		};
		A475229C2A9353B600396C8B /* ViewModels */ = {
			isa = PBXGroup;
			children = (
				A4C180E42A94B5AB000C6602 /* SalesViewModel.swift */,
			);
			path = ViewModels;
			sourceTree = "<group>";
		};
		A475229D2A9353BC00396C8B /* Views */ = {
			isa = PBXGroup;
			children = (
				A4215F442A9399B100DD655B /* Storyboard */,
				A475229F2A9353EF00396C8B /* Controllers */,
				A4215F452A9399E700DD655B /* ProductCVCell.swift */,
				A47522A72A93610D00396C8B /* HomeCollectionViewCell.swift */,
				A4C180EB2A94E7BF000C6602 /* CategoryCVCell.swift */,
				A45541422A9630AE002928A8 /* CategoriesCVCell.swift */,
				A47F15F42A97823200293D33 /* CartTableVCell.swift */,
			);
			path = Views;
			sourceTree = "<group>";
		};
		A475229E2A9353CE00396C8B /* Models */ = {
			isa = PBXGroup;
			children = (
				A4C180E62A94B764000C6602 /* SalesModel.swift */,
			);
			path = Models;
			sourceTree = "<group>";
		};
		A475229F2A9353EF00396C8B /* Controllers */ = {
			isa = PBXGroup;
			children = (
				A47522A12A93600900396C8B /* HomeViewController.swift */,
				A455413A2A95F34F002928A8 /* DetailViewController.swift */,
				A455413E2A962DF1002928A8 /* CateViewController.swift */,
				A47F15F02A977A3400293D33 /* SearchViewController.swift */,
				A47F15F22A977AC000293D33 /* CartViewController.swift */,
			);
			path = Controllers;
			sourceTree = "<group>";
		};
		A47522A02A93565900396C8B /* Extensions */ = {
			isa = PBXGroup;
			children = (
				A4C180E22A94A430000C6602 /* HomeExtension.swift */,
				A455413C2A96075A002928A8 /* DetailExtension.swift */,
				A45541442A9631EA002928A8 /* CateExtension.swift */,
			);
			path = Extensions;
			sourceTree = "<group>";
		};
/* End PBXGroup section */

/* Begin PBXNativeTarget section */
		A47522832A93527400396C8B /* SalesApp */ = {
			isa = PBXNativeTarget;
			buildConfigurationList = A47522982A93527500396C8B /* Build configuration list for PBXNativeTarget "SalesApp" */;
			buildPhases = (
				A47522802A93527400396C8B /* Sources */,
				A47522812A93527400396C8B /* Frameworks */,
				A47522822A93527400396C8B /* Resources */,
			);
			buildRules = (
			);
			dependencies = (
			);
			name = SalesApp;
			packageProductDependencies = (
				A4C180E92A94D528000C6602 /* Kingfisher */,
			);
			productName = SalesApp;
			productReference = A47522842A93527400396C8B /* SalesApp.app */;
			productType = "com.apple.product-type.application";
		};
/* End PBXNativeTarget section */

/* Begin PBXProject section */
		A475227C2A93527400396C8B /* Project object */ = {
			isa = PBXProject;
			attributes = {
				BuildIndependentTargetsInParallel = 1;
				LastSwiftUpdateCheck = 1420;
				LastUpgradeCheck = 1420;
				TargetAttributes = {
					A47522832A93527400396C8B = {
						CreatedOnToolsVersion = 14.2;
					};
				};
			};
			buildConfigurationList = A475227F2A93527400396C8B /* Build configuration list for PBXProject "SalesApp" */;
			compatibilityVersion = "Xcode 14.0";
			developmentRegion = en;
			hasScannedForEncodings = 0;
			knownRegions = (
				en,
				Base,
			);
			mainGroup = A475227B2A93527400396C8B;
			packageReferences = (
				A4C180E82A94D528000C6602 /* XCRemoteSwiftPackageReference "Kingfisher" */,
			);
			productRefGroup = A47522852A93527400396C8B /* Products */;
			projectDirPath = "";
			projectRoot = "";
			targets = (
				A47522832A93527400396C8B /* SalesApp */,
			);
		};
/* End PBXProject section */

/* Begin PBXResourcesBuildPhase section */
		A47522822A93527400396C8B /* Resources */ = {
			isa = PBXResourcesBuildPhase;
			buildActionMask = 2147483647;
			files = (
				A47522942A93527500396C8B /* LaunchScreen.storyboard in Resources */,
				A47522912A93527500396C8B /* Assets.xcassets in Resources */,
				A475228F2A93527400396C8B /* Main.storyboard in Resources */,
			);
			runOnlyForDeploymentPostprocessing = 0;
		};
/* End PBXResourcesBuildPhase section */

/* Begin PBXSourcesBuildPhase section */
		A47522802A93527400396C8B /* Sources */ = {
			isa = PBXSourcesBuildPhase;
			buildActionMask = 2147483647;
			files = (
				A47F15F12A977A3400293D33 /* SearchViewController.swift in Sources */,
				A4C180EC2A94E7BF000C6602 /* CategoryCVCell.swift in Sources */,
				A4C180E52A94B5AB000C6602 /* SalesViewModel.swift in Sources */,
				A47522A82A93610D00396C8B /* HomeCollectionViewCell.swift in Sources */,
				A455413D2A96075A002928A8 /* DetailExtension.swift in Sources */,
				A4C180E32A94A430000C6602 /* HomeExtension.swift in Sources */,
				A4215F462A9399E700DD655B /* ProductCVCell.swift in Sources */,
				A45541432A9630AE002928A8 /* CategoriesCVCell.swift in Sources */,
				A4C180E72A94B764000C6602 /* SalesModel.swift in Sources */,
				A45541452A9631EA002928A8 /* CateExtension.swift in Sources */,
				A455413F2A962DF1002928A8 /* CateViewController.swift in Sources */,
				A47522882A93527400396C8B /* AppDelegate.swift in Sources */,
				A47F15F32A977AC000293D33 /* CartViewController.swift in Sources */,
				A47F15F52A97823200293D33 /* CartTableVCell.swift in Sources */,
				A455413B2A95F34F002928A8 /* DetailViewController.swift in Sources */,
				A475228A2A93527400396C8B /* SceneDelegate.swift in Sources */,
				A47522A22A93600900396C8B /* HomeViewController.swift in Sources */,
			);
			runOnlyForDeploymentPostprocessing = 0;
		};
/* End PBXSourcesBuildPhase section */

/* Begin PBXVariantGroup section */
		A475228D2A93527400396C8B /* Main.storyboard */ = {
			isa = PBXVariantGroup;
			children = (
				A475228E2A93527400396C8B /* Base */,
			);
			name = Main.storyboard;
			sourceTree = "<group>";
		};
		A47522922A93527500396C8B /* LaunchScreen.storyboard */ = {
			isa = PBXVariantGroup;
			children = (
				A47522932A93527500396C8B /* Base */,
			);
			name = LaunchScreen.storyboard;
			sourceTree = "<group>";
		};
/* End PBXVariantGroup section */

/* Begin XCBuildConfiguration section */
		A47522962A93527500396C8B /* Debug */ = {
			isa = XCBuildConfiguration;
			buildSettings = {
				ALWAYS_SEARCH_USER_PATHS = NO;
				CLANG_ANALYZER_NONNULL = YES;
				CLANG_ANALYZER_NUMBER_OBJECT_CONVERSION = YES_AGGRESSIVE;
				CLANG_CXX_LANGUAGE_STANDARD = "gnu++20";
				CLANG_ENABLE_MODULES = YES;
				CLANG_ENABLE_OBJC_ARC = YES;
				CLANG_ENABLE_OBJC_WEAK = YES;
				CLANG_WARN_BLOCK_CAPTURE_AUTORELEASING = YES;
				CLANG_WARN_BOOL_CONVERSION = YES;
				CLANG_WARN_COMMA = YES;
				CLANG_WARN_CONSTANT_CONVERSION = YES;
				CLANG_WARN_DEPRECATED_OBJC_IMPLEMENTATIONS = YES;
				CLANG_WARN_DIRECT_OBJC_ISA_USAGE = YES_ERROR;
				CLANG_WARN_DOCUMENTATION_COMMENTS = YES;
				CLANG_WARN_EMPTY_BODY = YES;
				CLANG_WARN_ENUM_CONVERSION = YES;
				CLANG_WARN_INFINITE_RECURSION = YES;
				CLANG_WARN_INT_CONVERSION = YES;
				CLANG_WARN_NON_LITERAL_NULL_CONVERSION = YES;
				CLANG_WARN_OBJC_IMPLICIT_RETAIN_SELF = YES;
				CLANG_WARN_OBJC_LITERAL_CONVERSION = YES;
				CLANG_WARN_OBJC_ROOT_CLASS = YES_ERROR;
				CLANG_WARN_QUOTED_INCLUDE_IN_FRAMEWORK_HEADER = YES;
				CLANG_WARN_RANGE_LOOP_ANALYSIS = YES;
				CLANG_WARN_STRICT_PROTOTYPES = YES;
				CLANG_WARN_SUSPICIOUS_MOVE = YES;
				CLANG_WARN_UNGUARDED_AVAILABILITY = YES_AGGRESSIVE;
				CLANG_WARN_UNREACHABLE_CODE = YES;
				CLANG_WARN__DUPLICATE_METHOD_MATCH = YES;
				COPY_PHASE_STRIP = NO;
				DEBUG_INFORMATION_FORMAT = dwarf;
				ENABLE_STRICT_OBJC_MSGSEND = YES;
				ENABLE_TESTABILITY = YES;
				GCC_C_LANGUAGE_STANDARD = gnu11;
				GCC_DYNAMIC_NO_PIC = NO;
				GCC_NO_COMMON_BLOCKS = YES;
				GCC_OPTIMIZATION_LEVEL = 0;
				GCC_PREPROCESSOR_DEFINITIONS = (
					"DEBUG=1",
					"$(inherited)",
				);
				GCC_WARN_64_TO_32_BIT_CONVERSION = YES;
				GCC_WARN_ABOUT_RETURN_TYPE = YES_ERROR;
				GCC_WARN_UNDECLARED_SELECTOR = YES;
				GCC_WARN_UNINITIALIZED_AUTOS = YES_AGGRESSIVE;
				GCC_WARN_UNUSED_FUNCTION = YES;
				GCC_WARN_UNUSED_VARIABLE = YES;
				IPHONEOS_DEPLOYMENT_TARGET = 16.2;
				MTL_ENABLE_DEBUG_INFO = INCLUDE_SOURCE;
				MTL_FAST_MATH = YES;
				ONLY_ACTIVE_ARCH = YES;
				SDKROOT = iphoneos;
				SWIFT_ACTIVE_COMPILATION_CONDITIONS = DEBUG;
				SWIFT_OPTIMIZATION_LEVEL = "-Onone";
			};
			name = Debug;
		};
		A47522972A93527500396C8B /* Release */ = {
			isa = XCBuildConfiguration;
			buildSettings = {
				ALWAYS_SEARCH_USER_PATHS = NO;
				CLANG_ANALYZER_NONNULL = YES;
				CLANG_ANALYZER_NUMBER_OBJECT_CONVERSION = YES_AGGRESSIVE;
				CLANG_CXX_LANGUAGE_STANDARD = "gnu++20";
				CLANG_ENABLE_MODULES = YES;
				CLANG_ENABLE_OBJC_ARC = YES;
				CLANG_ENABLE_OBJC_WEAK = YES;
				CLANG_WARN_BLOCK_CAPTURE_AUTORELEASING = YES;
				CLANG_WARN_BOOL_CONVERSION = YES;
				CLANG_WARN_COMMA = YES;
				CLANG_WARN_CONSTANT_CONVERSION = YES;
				CLANG_WARN_DEPRECATED_OBJC_IMPLEMENTATIONS = YES;
				CLANG_WARN_DIRECT_OBJC_ISA_USAGE = YES_ERROR;
				CLANG_WARN_DOCUMENTATION_COMMENTS = YES;
				CLANG_WARN_EMPTY_BODY = YES;
				CLANG_WARN_ENUM_CONVERSION = YES;
				CLANG_WARN_INFINITE_RECURSION = YES;
				CLANG_WARN_INT_CONVERSION = YES;
				CLANG_WARN_NON_LITERAL_NULL_CONVERSION = YES;
				CLANG_WARN_OBJC_IMPLICIT_RETAIN_SELF = YES;
				CLANG_WARN_OBJC_LITERAL_CONVERSION = YES;
				CLANG_WARN_OBJC_ROOT_CLASS = YES_ERROR;
				CLANG_WARN_QUOTED_INCLUDE_IN_FRAMEWORK_HEADER = YES;
				CLANG_WARN_RANGE_LOOP_ANALYSIS = YES;
				CLANG_WARN_STRICT_PROTOTYPES = YES;
				CLANG_WARN_SUSPICIOUS_MOVE = YES;
				CLANG_WARN_UNGUARDED_AVAILABILITY = YES_AGGRESSIVE;
				CLANG_WARN_UNREACHABLE_CODE = YES;
				CLANG_WARN__DUPLICATE_METHOD_MATCH = YES;
				COPY_PHASE_STRIP = NO;
				DEBUG_INFORMATION_FORMAT = "dwarf-with-dsym";
				ENABLE_NS_ASSERTIONS = NO;
				ENABLE_STRICT_OBJC_MSGSEND = YES;
				GCC_C_LANGUAGE_STANDARD = gnu11;
				GCC_NO_COMMON_BLOCKS = YES;
				GCC_WARN_64_TO_32_BIT_CONVERSION = YES;
				GCC_WARN_ABOUT_RETURN_TYPE = YES_ERROR;
				GCC_WARN_UNDECLARED_SELECTOR = YES;
				GCC_WARN_UNINITIALIZED_AUTOS = YES_AGGRESSIVE;
				GCC_WARN_UNUSED_FUNCTION = YES;
				GCC_WARN_UNUSED_VARIABLE = YES;
				IPHONEOS_DEPLOYMENT_TARGET = 16.2;
				MTL_ENABLE_DEBUG_INFO = NO;
				MTL_FAST_MATH = YES;
				SDKROOT = iphoneos;
				SWIFT_COMPILATION_MODE = wholemodule;
				SWIFT_OPTIMIZATION_LEVEL = "-O";
				VALIDATE_PRODUCT = YES;
			};
			name = Release;
		};
		A47522992A93527500396C8B /* Debug */ = {
			isa = XCBuildConfiguration;
			buildSettings = {
				ASSETCATALOG_COMPILER_APPICON_NAME = AppIcon;
				ASSETCATALOG_COMPILER_GLOBAL_ACCENT_COLOR_NAME = AccentColor;
				CODE_SIGN_STYLE = Automatic;
				CURRENT_PROJECT_VERSION = 1;
				DEVELOPMENT_TEAM = NF9R7KNMC7;
				GENERATE_INFOPLIST_FILE = YES;
				INFOPLIST_FILE = SalesApp/Info.plist;
				INFOPLIST_KEY_UIApplicationSupportsIndirectInputEvents = YES;
				INFOPLIST_KEY_UILaunchStoryboardName = LaunchScreen;
				INFOPLIST_KEY_UIMainStoryboardFile = Main;
				INFOPLIST_KEY_UISupportedInterfaceOrientations_iPad = "UIInterfaceOrientationPortrait UIInterfaceOrientationPortraitUpsideDown UIInterfaceOrientationLandscapeLeft UIInterfaceOrientationLandscapeRight";
				INFOPLIST_KEY_UISupportedInterfaceOrientations_iPhone = "UIInterfaceOrientationPortrait UIInterfaceOrientationLandscapeLeft UIInterfaceOrientationLandscapeRight";
				LD_RUNPATH_SEARCH_PATHS = (
					"$(inherited)",
					"@executable_path/Frameworks",
				);
				MARKETING_VERSION = 1.0;
				PRODUCT_BUNDLE_IDENTIFIER = com.eyuphanakkaya.SalesApp;
				PRODUCT_NAME = "$(TARGET_NAME)";
				SWIFT_EMIT_LOC_STRINGS = YES;
				SWIFT_VERSION = 5.0;
				TARGETED_DEVICE_FAMILY = "1,2";
			};
			name = Debug;
		};
		A475229A2A93527500396C8B /* Release */ = {
			isa = XCBuildConfiguration;
			buildSettings = {
				ASSETCATALOG_COMPILER_APPICON_NAME = AppIcon;
				ASSETCATALOG_COMPILER_GLOBAL_ACCENT_COLOR_NAME = AccentColor;
				CODE_SIGN_STYLE = Automatic;
				CURRENT_PROJECT_VERSION = 1;
				DEVELOPMENT_TEAM = NF9R7KNMC7;
				GENERATE_INFOPLIST_FILE = YES;
				INFOPLIST_FILE = SalesApp/Info.plist;
				INFOPLIST_KEY_UIApplicationSupportsIndirectInputEvents = YES;
				INFOPLIST_KEY_UILaunchStoryboardName = LaunchScreen;
				INFOPLIST_KEY_UIMainStoryboardFile = Main;
				INFOPLIST_KEY_UISupportedInterfaceOrientations_iPad = "UIInterfaceOrientationPortrait UIInterfaceOrientationPortraitUpsideDown UIInterfaceOrientationLandscapeLeft UIInterfaceOrientationLandscapeRight";
				INFOPLIST_KEY_UISupportedInterfaceOrientations_iPhone = "UIInterfaceOrientationPortrait UIInterfaceOrientationLandscapeLeft UIInterfaceOrientationLandscapeRight";
				LD_RUNPATH_SEARCH_PATHS = (
					"$(inherited)",
					"@executable_path/Frameworks",
				);
				MARKETING_VERSION = 1.0;
				PRODUCT_BUNDLE_IDENTIFIER = com.eyuphanakkaya.SalesApp;
				PRODUCT_NAME = "$(TARGET_NAME)";
				SWIFT_EMIT_LOC_STRINGS = YES;
				SWIFT_VERSION = 5.0;
				TARGETED_DEVICE_FAMILY = "1,2";
			};
			name = Release;
		};
/* End XCBuildConfiguration section */

/* Begin XCConfigurationList section */
		A475227F2A93527400396C8B /* Build configuration list for PBXProject "SalesApp" */ = {
			isa = XCConfigurationList;
			buildConfigurations = (
				A47522962A93527500396C8B /* Debug */,
				A47522972A93527500396C8B /* Release */,
			);
			defaultConfigurationIsVisible = 0;
			defaultConfigurationName = Release;
		};
		A47522982A93527500396C8B /* Build configuration list for PBXNativeTarget "SalesApp" */ = {
			isa = XCConfigurationList;
			buildConfigurations = (
				A47522992A93527500396C8B /* Debug */,
				A475229A2A93527500396C8B /* Release */,
			);
			defaultConfigurationIsVisible = 0;
			defaultConfigurationName = Release;
		};
/* End XCConfigurationList section */

/* Begin XCRemoteSwiftPackageReference section */
		A4C180E82A94D528000C6602 /* XCRemoteSwiftPackageReference "Kingfisher" */ = {
			isa = XCRemoteSwiftPackageReference;
			repositoryURL = "https://github.com/onevcat/Kingfisher.git";
			requirement = {
				branch = master;
				kind = branch;
			};
		};
/* End XCRemoteSwiftPackageReference section */

/* Begin XCSwiftPackageProductDependency section */
		A4C180E92A94D528000C6602 /* Kingfisher */ = {
			isa = XCSwiftPackageProductDependency;
			package = A4C180E82A94D528000C6602 /* XCRemoteSwiftPackageReference "Kingfisher" */;
			productName = Kingfisher;
		};
/* End XCSwiftPackageProductDependency section */
	};
	rootObject = A475227C2A93527400396C8B /* Project object */;
}
